
Microsoft Visual Studio Solution File, Format Version 12.00
# Visual Studio Version 16
VisualStudioVersion = 16.0.30717.126
MinimumVisualStudioVersion = 10.0.40219.1
Project("{2150E333-8FDC-42A3-9474-1A3956D46DE8}") = "src", "src", "{F5162492-1401-48A6-9BB1-80A8EBA494FE}"
EndProject
Project("{2150E333-8FDC-42A3-9474-1A3956D46DE8}") = "Building Blocks", "Building Blocks", "{D9AA645F-74EC-4345-8FBB-3DEE9E5FE12C}"
EndProject
Project("{2150E333-8FDC-42A3-9474-1A3956D46DE8}") = "Services", "Services", "{B6FF6C12-D50F-43FA-9582-8C9B0F34781B}"
EndProject
Project("{2150E333-8FDC-42A3-9474-1A3956D46DE8}") = "Web", "Web", "{95361390-38FE-45CA-99CC-D9DCBB26C0CF}"
EndProject
Project("{2150E333-8FDC-42A3-9474-1A3956D46DE8}") = "Identidade", "Identidade", "{64790621-0839-482C-B43D-E072A19F0FF8}"
EndProject
Project("{9A19103F-16F7-4668-BE54-9A1E7A4F7556}") = "NSE.Identidade.API", "src\services\NSE.Identidade.API\NSE.Identidade.API.csproj", "{C26278AC-0C8F-4F99-9C0F-309B38B79770}"
EndProject
Project("{2150E333-8FDC-42A3-9474-1A3956D46DE8}") = "MVC", "MVC", "{8FF4BD5A-4B00-4965-9681-E544C74DEE90}"
EndProject
Project("{9A19103F-16F7-4668-BE54-9A1E7A4F7556}") = "NSE.WebApp.MVC", "src\web\NSE.WebApp.MVC\NSE.WebApp.MVC.csproj", "{183572D9-204D-431C-A3E6-AA8F35C9D3CF}"
EndProject
Project("{2150E333-8FDC-42A3-9474-1A3956D46DE8}") = "Core", "Core", "{5723F5FD-6277-4239-9339-C840DD0827A3}"
EndProject
Project("{9A19103F-16F7-4668-BE54-9A1E7A4F7556}") = "NSE.Core", "src\building blocks\NSE.Core\NSE.Core.csproj", "{6B84AD9B-86C1-4B15-A5D7-CCE764D161B0}"
EndProject
Project("{2150E333-8FDC-42A3-9474-1A3956D46DE8}") = "Carrinho", "Carrinho", "{0B199C00-46F2-4330-9E39-B92286F8016B}"
EndProject
Project("{9A19103F-16F7-4668-BE54-9A1E7A4F7556}") = "NSE.Carrinho.API", "src\services\NSE.Carrinho.API\NSE.Carrinho.API.csproj", "{261F02C3-03E2-44B2-8548-6E028F12DDE5}"
EndProject
Project("{2150E333-8FDC-42A3-9474-1A3956D46DE8}") = "Catalogo", "Catalogo", "{D0153FBF-CD60-4070-9021-3BC96BE06296}"
EndProject
Project("{9A19103F-16F7-4668-BE54-9A1E7A4F7556}") = "NSE.Catalogo.API", "src\services\NSE.Catalogo.API\NSE.Catalogo.API.csproj", "{A1542279-B24C-4788-88DA-1A6525701179}"
EndProject
Project("{2150E333-8FDC-42A3-9474-1A3956D46DE8}") = "Cliente", "Cliente", "{1263CFA5-D622-478A-9406-0F33A6501D6E}"
EndProject
Project("{9A19103F-16F7-4668-BE54-9A1E7A4F7556}") = "NSE.Cliente.API", "src\services\NSE.Cliente.API\NSE.Cliente.API.csproj", "{BF1341E0-71F0-417D-9276-CD100A67320E}"
EndProject
Project("{2150E333-8FDC-42A3-9474-1A3956D46DE8}") = "Pagamento", "Pagamento", "{B03C26C5-8053-4A23-9652-1A5CEFA08A6D}"
EndProject
Project("{9A19103F-16F7-4668-BE54-9A1E7A4F7556}") = "NSE.Pagamento.API", "src\services\NSE.Pagamento.API\NSE.Pagamento.API.csproj", "{B8357C22-2340-4F63-B8F2-EF390EE416E3}"
EndProject
Project("{2150E333-8FDC-42A3-9474-1A3956D46DE8}") = "Pedido", "Pedido", "{798AF2E1-8568-4AA7-BEAC-8D43F6A991DF}"
EndProject
Project("{9A19103F-16F7-4668-BE54-9A1E7A4F7556}") = "NSE.Pedido.API", "src\services\NSE.Pedido.API\NSE.Pedido.API.csproj", "{A3805705-EF17-4545-8820-F45ABF4A390E}"
EndProject
Project("{2150E333-8FDC-42A3-9474-1A3956D46DE8}") = "Services", "Services", "{879C01D7-BCBD-4C60-9FDB-E1802DB1BCD6}"
EndProject
Project("{9A19103F-16F7-4668-BE54-9A1E7A4F7556}") = "NSE.WebAPI.Core", "src\building blocks\NSE.WebAPI.Core\NSE.WebAPI.Core.csproj", "{7F2BE878-3BDD-4809-A640-246B5F6CB438}"
EndProject
Project("{2150E333-8FDC-42A3-9474-1A3956D46DE8}") = "MessageBus", "MessageBus", "{6395AC2D-3E2E-457B-A089-70D1CB303995}"
EndProject
Project("{FAE04EC0-301F-11D3-BF4B-00C04F79EFBC}") = "NSE.MessageBus", "src\building blocks\NSE.MessageBus\NSE.MessageBus.csproj", "{168D8127-0B9B-44BD-BA5E-7E4D7479EFA4}"
EndProject
Global
	GlobalSection(SolutionConfigurationPlatforms) = preSolution
		Debug|Any CPU = Debug|Any CPU
		Release|Any CPU = Release|Any CPU
	EndGlobalSection
	GlobalSection(ProjectConfigurationPlatforms) = postSolution
		{C26278AC-0C8F-4F99-9C0F-309B38B79770}.Debug|Any CPU.ActiveCfg = Debug|Any CPU
		{C26278AC-0C8F-4F99-9C0F-309B38B79770}.Debug|Any CPU.Build.0 = Debug|Any CPU
		{C26278AC-0C8F-4F99-9C0F-309B38B79770}.Release|Any CPU.ActiveCfg = Release|Any CPU
		{C26278AC-0C8F-4F99-9C0F-309B38B79770}.Release|Any CPU.Build.0 = Release|Any CPU
		{183572D9-204D-431C-A3E6-AA8F35C9D3CF}.Debug|Any CPU.ActiveCfg = Debug|Any CPU
		{183572D9-204D-431C-A3E6-AA8F35C9D3CF}.Debug|Any CPU.Build.0 = Debug|Any CPU
		{183572D9-204D-431C-A3E6-AA8F35C9D3CF}.Release|Any CPU.ActiveCfg = Release|Any CPU
		{183572D9-204D-431C-A3E6-AA8F35C9D3CF}.Release|Any CPU.Build.0 = Release|Any CPU
		{6B84AD9B-86C1-4B15-A5D7-CCE764D161B0}.Debug|Any CPU.ActiveCfg = Debug|Any CPU
		{6B84AD9B-86C1-4B15-A5D7-CCE764D161B0}.Debug|Any CPU.Build.0 = Debug|Any CPU
		{6B84AD9B-86C1-4B15-A5D7-CCE764D161B0}.Release|Any CPU.ActiveCfg = Release|Any CPU
		{6B84AD9B-86C1-4B15-A5D7-CCE764D161B0}.Release|Any CPU.Build.0 = Release|Any CPU
		{261F02C3-03E2-44B2-8548-6E028F12DDE5}.Debug|Any CPU.ActiveCfg = Debug|Any CPU
		{261F02C3-03E2-44B2-8548-6E028F12DDE5}.Debug|Any CPU.Build.0 = Debug|Any CPU
		{261F02C3-03E2-44B2-8548-6E028F12DDE5}.Release|Any CPU.ActiveCfg = Release|Any CPU
		{261F02C3-03E2-44B2-8548-6E028F12DDE5}.Release|Any CPU.Build.0 = Release|Any CPU
		{A1542279-B24C-4788-88DA-1A6525701179}.Debug|Any CPU.ActiveCfg = Debug|Any CPU
		{A1542279-B24C-4788-88DA-1A6525701179}.Debug|Any CPU.Build.0 = Debug|Any CPU
		{A1542279-B24C-4788-88DA-1A6525701179}.Release|Any CPU.ActiveCfg = Release|Any CPU
		{A1542279-B24C-4788-88DA-1A6525701179}.Release|Any CPU.Build.0 = Release|Any CPU
		{BF1341E0-71F0-417D-9276-CD100A67320E}.Debug|Any CPU.ActiveCfg = Debug|Any CPU
		{BF1341E0-71F0-417D-9276-CD100A67320E}.Debug|Any CPU.Build.0 = Debug|Any CPU
		{BF1341E0-71F0-417D-9276-CD100A67320E}.Release|Any CPU.ActiveCfg = Release|Any CPU
		{BF1341E0-71F0-417D-9276-CD100A67320E}.Release|Any CPU.Build.0 = Release|Any CPU
		{B8357C22-2340-4F63-B8F2-EF390EE416E3}.Debug|Any CPU.ActiveCfg = Debug|Any CPU
		{B8357C22-2340-4F63-B8F2-EF390EE416E3}.Debug|Any CPU.Build.0 = Debug|Any CPU
		{B8357C22-2340-4F63-B8F2-EF390EE416E3}.Release|Any CPU.ActiveCfg = Release|Any CPU
		{B8357C22-2340-4F63-B8F2-EF390EE416E3}.Release|Any CPU.Build.0 = Release|Any CPU
		{A3805705-EF17-4545-8820-F45ABF4A390E}.Debug|Any CPU.ActiveCfg = Debug|Any CPU
		{A3805705-EF17-4545-8820-F45ABF4A390E}.Debug|Any CPU.Build.0 = Debug|Any CPU
		{A3805705-EF17-4545-8820-F45ABF4A390E}.Release|Any CPU.ActiveCfg = Release|Any CPU
		{A3805705-EF17-4545-8820-F45ABF4A390E}.Release|Any CPU.Build.0 = Release|Any CPU
		{7F2BE878-3BDD-4809-A640-246B5F6CB438}.Debug|Any CPU.ActiveCfg = Debug|Any CPU
		{7F2BE878-3BDD-4809-A640-246B5F6CB438}.Debug|Any CPU.Build.0 = Debug|Any CPU
		{7F2BE878-3BDD-4809-A640-246B5F6CB438}.Release|Any CPU.ActiveCfg = Release|Any CPU
		{7F2BE878-3BDD-4809-A640-246B5F6CB438}.Release|Any CPU.Build.0 = Release|Any CPU
		{168D8127-0B9B-44BD-BA5E-7E4D7479EFA4}.Debug|Any CPU.ActiveCfg = Debug|Any CPU
		{168D8127-0B9B-44BD-BA5E-7E4D7479EFA4}.Debug|Any CPU.Build.0 = Debug|Any CPU
		{168D8127-0B9B-44BD-BA5E-7E4D7479EFA4}.Release|Any CPU.ActiveCfg = Release|Any CPU
		{168D8127-0B9B-44BD-BA5E-7E4D7479EFA4}.Release|Any CPU.Build.0 = Release|Any CPU
	EndGlobalSection
	GlobalSection(SolutionProperties) = preSolution
		HideSolutionNode = FALSE
	EndGlobalSection
	GlobalSection(NestedProjects) = preSolution
		{D9AA645F-74EC-4345-8FBB-3DEE9E5FE12C} = {F5162492-1401-48A6-9BB1-80A8EBA494FE}
		{B6FF6C12-D50F-43FA-9582-8C9B0F34781B} = {F5162492-1401-48A6-9BB1-80A8EBA494FE}
		{95361390-38FE-45CA-99CC-D9DCBB26C0CF} = {F5162492-1401-48A6-9BB1-80A8EBA494FE}
		{64790621-0839-482C-B43D-E072A19F0FF8} = {B6FF6C12-D50F-43FA-9582-8C9B0F34781B}
		{C26278AC-0C8F-4F99-9C0F-309B38B79770} = {64790621-0839-482C-B43D-E072A19F0FF8}
		{8FF4BD5A-4B00-4965-9681-E544C74DEE90} = {95361390-38FE-45CA-99CC-D9DCBB26C0CF}
		{183572D9-204D-431C-A3E6-AA8F35C9D3CF} = {8FF4BD5A-4B00-4965-9681-E544C74DEE90}
		{5723F5FD-6277-4239-9339-C840DD0827A3} = {D9AA645F-74EC-4345-8FBB-3DEE9E5FE12C}
		{6B84AD9B-86C1-4B15-A5D7-CCE764D161B0} = {5723F5FD-6277-4239-9339-C840DD0827A3}
		{0B199C00-46F2-4330-9E39-B92286F8016B} = {B6FF6C12-D50F-43FA-9582-8C9B0F34781B}
		{261F02C3-03E2-44B2-8548-6E028F12DDE5} = {0B199C00-46F2-4330-9E39-B92286F8016B}
		{D0153FBF-CD60-4070-9021-3BC96BE06296} = {B6FF6C12-D50F-43FA-9582-8C9B0F34781B}
		{A1542279-B24C-4788-88DA-1A6525701179} = {D0153FBF-CD60-4070-9021-3BC96BE06296}
		{1263CFA5-D622-478A-9406-0F33A6501D6E} = {B6FF6C12-D50F-43FA-9582-8C9B0F34781B}
		{BF1341E0-71F0-417D-9276-CD100A67320E} = {1263CFA5-D622-478A-9406-0F33A6501D6E}
		{B03C26C5-8053-4A23-9652-1A5CEFA08A6D} = {B6FF6C12-D50F-43FA-9582-8C9B0F34781B}
		{B8357C22-2340-4F63-B8F2-EF390EE416E3} = {B03C26C5-8053-4A23-9652-1A5CEFA08A6D}
		{798AF2E1-8568-4AA7-BEAC-8D43F6A991DF} = {B6FF6C12-D50F-43FA-9582-8C9B0F34781B}
		{A3805705-EF17-4545-8820-F45ABF4A390E} = {798AF2E1-8568-4AA7-BEAC-8D43F6A991DF}
		{879C01D7-BCBD-4C60-9FDB-E1802DB1BCD6} = {D9AA645F-74EC-4345-8FBB-3DEE9E5FE12C}
		{7F2BE878-3BDD-4809-A640-246B5F6CB438} = {879C01D7-BCBD-4C60-9FDB-E1802DB1BCD6}
		{6395AC2D-3E2E-457B-A089-70D1CB303995} = {D9AA645F-74EC-4345-8FBB-3DEE9E5FE12C}
		{168D8127-0B9B-44BD-BA5E-7E4D7479EFA4} = {6395AC2D-3E2E-457B-A089-70D1CB303995}
	EndGlobalSection
	GlobalSection(ExtensibilityGlobals) = postSolution
		SolutionGuid = {1310341B-D861-4A98-82B0-A0A9AD6726E6}
	EndGlobalSection
EndGlobal
