
Microsoft Visual Studio Solution File, Format Version 12.00
# Visual Studio Version 17
VisualStudioVersion = 17.0.32112.339
MinimumVisualStudioVersion = 10.0.40219.1
Project("{2150E333-8FDC-42A3-9474-1A3956D46DE8}") = "src", "src", "{F5162492-1401-48A6-9BB1-80A8EBA494FE}"
EndProject
Project("{2150E333-8FDC-42A3-9474-1A3956D46DE8}") = "Building Blocks", "Building Blocks", "{D9AA645F-74EC-4345-8FBB-3DEE9E5FE12C}"
EndProject
Project("{2150E333-8FDC-42A3-9474-1A3956D46DE8}") = "Services", "Services", "{B6FF6C12-D50F-43FA-9582-8C9B0F34781B}"
EndProject
Project("{2150E333-8FDC-42A3-9474-1A3956D46DE8}") = "Web", "Web", "{95361390-38FE-45CA-99CC-D9DCBB26C0CF}"
EndProject
Project("{2150E333-8FDC-42A3-9474-1A3956D46DE8}") = "Identidade", "Identidade", "{64790621-0839-482C-B43D-E072A19F0FF8}"
EndProject
Project("{9A19103F-16F7-4668-BE54-9A1E7A4F7556}") = "NSE.Identidade.API", "src\services\NSE.Identidade.API\NSE.Identidade.API.csproj", "{C26278AC-0C8F-4F99-9C0F-309B38B79770}"
EndProject
Project("{2150E333-8FDC-42A3-9474-1A3956D46DE8}") = "MVC", "MVC", "{8FF4BD5A-4B00-4965-9681-E544C74DEE90}"
EndProject
Project("{9A19103F-16F7-4668-BE54-9A1E7A4F7556}") = "NSE.WebApp.MVC", "src\web\NSE.WebApp.MVC\NSE.WebApp.MVC.csproj", "{183572D9-204D-431C-A3E6-AA8F35C9D3CF}"
EndProject
Project("{2150E333-8FDC-42A3-9474-1A3956D46DE8}") = "Core", "Core", "{5723F5FD-6277-4239-9339-C840DD0827A3}"
EndProject
Project("{9A19103F-16F7-4668-BE54-9A1E7A4F7556}") = "NSE.Core", "src\building blocks\NSE.Core\NSE.Core.csproj", "{6B84AD9B-86C1-4B15-A5D7-CCE764D161B0}"
EndProject
Project("{2150E333-8FDC-42A3-9474-1A3956D46DE8}") = "Carrinho", "Carrinho", "{0B199C00-46F2-4330-9E39-B92286F8016B}"
EndProject
Project("{9A19103F-16F7-4668-BE54-9A1E7A4F7556}") = "NSE.Carrinho.API", "src\services\NSE.Carrinho.API\NSE.Carrinho.API.csproj", "{261F02C3-03E2-44B2-8548-6E028F12DDE5}"
EndProject
Project("{2150E333-8FDC-42A3-9474-1A3956D46DE8}") = "Catalogo", "Catalogo", "{D0153FBF-CD60-4070-9021-3BC96BE06296}"
EndProject
Project("{9A19103F-16F7-4668-BE54-9A1E7A4F7556}") = "NSE.Catalogo.API", "src\services\NSE.Catalogo.API\NSE.Catalogo.API.csproj", "{A1542279-B24C-4788-88DA-1A6525701179}"
EndProject
Project("{2150E333-8FDC-42A3-9474-1A3956D46DE8}") = "Cliente", "Cliente", "{1263CFA5-D622-478A-9406-0F33A6501D6E}"
EndProject
Project("{9A19103F-16F7-4668-BE54-9A1E7A4F7556}") = "NSE.Cliente.API", "src\services\NSE.Cliente.API\NSE.Cliente.API.csproj", "{BF1341E0-71F0-417D-9276-CD100A67320E}"
EndProject
Project("{2150E333-8FDC-42A3-9474-1A3956D46DE8}") = "Pedido", "Pedido", "{798AF2E1-8568-4AA7-BEAC-8D43F6A991DF}"
EndProject
Project("{2150E333-8FDC-42A3-9474-1A3956D46DE8}") = "Services", "Services", "{879C01D7-BCBD-4C60-9FDB-E1802DB1BCD6}"
EndProject
Project("{9A19103F-16F7-4668-BE54-9A1E7A4F7556}") = "NSE.WebAPI.Core", "src\building blocks\NSE.WebAPI.Core\NSE.WebAPI.Core.csproj", "{7F2BE878-3BDD-4809-A640-246B5F6CB438}"
EndProject
Project("{2150E333-8FDC-42A3-9474-1A3956D46DE8}") = "MessageBus", "MessageBus", "{6395AC2D-3E2E-457B-A089-70D1CB303995}"
EndProject
Project("{9A19103F-16F7-4668-BE54-9A1E7A4F7556}") = "NSE.MessageBus", "src\building blocks\NSE.MessageBus\NSE.MessageBus.csproj", "{168D8127-0B9B-44BD-BA5E-7E4D7479EFA4}"
EndProject
Project("{2150E333-8FDC-42A3-9474-1A3956D46DE8}") = "API Gateways", "API Gateways", "{A8440468-FDF4-4DF2-B55F-606F268C9AD8}"
EndProject
Project("{2150E333-8FDC-42A3-9474-1A3956D46DE8}") = "Compras", "Compras", "{7F13834F-A9C1-46DA-8852-DF81521397E6}"
EndProject
Project("{9A19103F-16F7-4668-BE54-9A1E7A4F7556}") = "NSE.BFF.Compras", "src\api gateways\NSE.BFF.Compras\NSE.BFF.Compras.csproj", "{C3A69F31-9051-4C2A-B0C7-AB9E1A2D9CCB}"
EndProject
Project("{9A19103F-16F7-4668-BE54-9A1E7A4F7556}") = "NSE.Pedidos.Domain", "src\services\NSE.Pedidos\NSE.Pedidos.Domain\NSE.Pedidos.Domain.csproj", "{397DC5E0-77B2-42B6-9374-D1B04E7157AB}"
EndProject
Project("{9A19103F-16F7-4668-BE54-9A1E7A4F7556}") = "NSE.Pedidos.Infra", "src\services\NSE.Pedidos\NSE.Pedidos.Infra\NSE.Pedidos.Infra.csproj", "{5D215B5A-A262-4BE4-9DC7-19F9E1B1A346}"
EndProject
Project("{9A19103F-16F7-4668-BE54-9A1E7A4F7556}") = "NSE.Pedidos.API", "src\services\NSE.Pedido.API\NSE.Pedidos.API\NSE.Pedidos.API.csproj", "{8F0AE6B2-B620-4B48-B72A-3D364BDE8E25}"
EndProject
Project("{2150E333-8FDC-42A3-9474-1A3956D46DE8}") = "Pagamento", "Pagamento", "{FE827E06-9B1A-44B9-9A9D-F5E6E5FE79E1}"
EndProject
Project("{9A19103F-16F7-4668-BE54-9A1E7A4F7556}") = "NSE.Pagamento.API", "src\services\NSE.Pagamento.API\NSE.Pagamento.API.csproj", "{9F69A7FA-8DF9-4809-B562-CBE77EA0FF3F}"
EndProject
Global
	GlobalSection(SolutionConfigurationPlatforms) = preSolution
		Debug|Any CPU = Debug|Any CPU
		Release|Any CPU = Release|Any CPU
	EndGlobalSection
	GlobalSection(ProjectConfigurationPlatforms) = postSolution
		{C26278AC-0C8F-4F99-9C0F-309B38B79770}.Debug|Any CPU.ActiveCfg = Debug|Any CPU
		{C26278AC-0C8F-4F99-9C0F-309B38B79770}.Debug|Any CPU.Build.0 = Debug|Any CPU
		{C26278AC-0C8F-4F99-9C0F-309B38B79770}.Release|Any CPU.ActiveCfg = Release|Any CPU
		{C26278AC-0C8F-4F99-9C0F-309B38B79770}.Release|Any CPU.Build.0 = Release|Any CPU
		{183572D9-204D-431C-A3E6-AA8F35C9D3CF}.Debug|Any CPU.ActiveCfg = Debug|Any CPU
		{183572D9-204D-431C-A3E6-AA8F35C9D3CF}.Debug|Any CPU.Build.0 = Debug|Any CPU
		{183572D9-204D-431C-A3E6-AA8F35C9D3CF}.Release|Any CPU.ActiveCfg = Release|Any CPU
		{183572D9-204D-431C-A3E6-AA8F35C9D3CF}.Release|Any CPU.Build.0 = Release|Any CPU
		{6B84AD9B-86C1-4B15-A5D7-CCE764D161B0}.Debug|Any CPU.ActiveCfg = Debug|Any CPU
		{6B84AD9B-86C1-4B15-A5D7-CCE764D161B0}.Debug|Any CPU.Build.0 = Debug|Any CPU
		{6B84AD9B-86C1-4B15-A5D7-CCE764D161B0}.Release|Any CPU.ActiveCfg = Release|Any CPU
		{6B84AD9B-86C1-4B15-A5D7-CCE764D161B0}.Release|Any CPU.Build.0 = Release|Any CPU
		{261F02C3-03E2-44B2-8548-6E028F12DDE5}.Debug|Any CPU.ActiveCfg = Debug|Any CPU
		{261F02C3-03E2-44B2-8548-6E028F12DDE5}.Debug|Any CPU.Build.0 = Debug|Any CPU
		{261F02C3-03E2-44B2-8548-6E028F12DDE5}.Release|Any CPU.ActiveCfg = Release|Any CPU
		{261F02C3-03E2-44B2-8548-6E028F12DDE5}.Release|Any CPU.Build.0 = Release|Any CPU
		{A1542279-B24C-4788-88DA-1A6525701179}.Debug|Any CPU.ActiveCfg = Debug|Any CPU
		{A1542279-B24C-4788-88DA-1A6525701179}.Debug|Any CPU.Build.0 = Debug|Any CPU
		{A1542279-B24C-4788-88DA-1A6525701179}.Release|Any CPU.ActiveCfg = Release|Any CPU
		{A1542279-B24C-4788-88DA-1A6525701179}.Release|Any CPU.Build.0 = Release|Any CPU
		{BF1341E0-71F0-417D-9276-CD100A67320E}.Debug|Any CPU.ActiveCfg = Debug|Any CPU
		{BF1341E0-71F0-417D-9276-CD100A67320E}.Debug|Any CPU.Build.0 = Debug|Any CPU
		{BF1341E0-71F0-417D-9276-CD100A67320E}.Release|Any CPU.ActiveCfg = Release|Any CPU
		{BF1341E0-71F0-417D-9276-CD100A67320E}.Release|Any CPU.Build.0 = Release|Any CPU
		{7F2BE878-3BDD-4809-A640-246B5F6CB438}.Debug|Any CPU.ActiveCfg = Debug|Any CPU
		{7F2BE878-3BDD-4809-A640-246B5F6CB438}.Debug|Any CPU.Build.0 = Debug|Any CPU
		{7F2BE878-3BDD-4809-A640-246B5F6CB438}.Release|Any CPU.ActiveCfg = Release|Any CPU
		{7F2BE878-3BDD-4809-A640-246B5F6CB438}.Release|Any CPU.Build.0 = Release|Any CPU
		{168D8127-0B9B-44BD-BA5E-7E4D7479EFA4}.Debug|Any CPU.ActiveCfg = Debug|Any CPU
		{168D8127-0B9B-44BD-BA5E-7E4D7479EFA4}.Debug|Any CPU.Build.0 = Debug|Any CPU
		{168D8127-0B9B-44BD-BA5E-7E4D7479EFA4}.Release|Any CPU.ActiveCfg = Release|Any CPU
		{168D8127-0B9B-44BD-BA5E-7E4D7479EFA4}.Release|Any CPU.Build.0 = Release|Any CPU
		{C3A69F31-9051-4C2A-B0C7-AB9E1A2D9CCB}.Debug|Any CPU.ActiveCfg = Debug|Any CPU
		{C3A69F31-9051-4C2A-B0C7-AB9E1A2D9CCB}.Debug|Any CPU.Build.0 = Debug|Any CPU
		{C3A69F31-9051-4C2A-B0C7-AB9E1A2D9CCB}.Release|Any CPU.ActiveCfg = Release|Any CPU
		{C3A69F31-9051-4C2A-B0C7-AB9E1A2D9CCB}.Release|Any CPU.Build.0 = Release|Any CPU
		{397DC5E0-77B2-42B6-9374-D1B04E7157AB}.Debug|Any CPU.ActiveCfg = Debug|Any CPU
		{397DC5E0-77B2-42B6-9374-D1B04E7157AB}.Debug|Any CPU.Build.0 = Debug|Any CPU
		{397DC5E0-77B2-42B6-9374-D1B04E7157AB}.Release|Any CPU.ActiveCfg = Release|Any CPU
		{397DC5E0-77B2-42B6-9374-D1B04E7157AB}.Release|Any CPU.Build.0 = Release|Any CPU
		{5D215B5A-A262-4BE4-9DC7-19F9E1B1A346}.Debug|Any CPU.ActiveCfg = Debug|Any CPU
		{5D215B5A-A262-4BE4-9DC7-19F9E1B1A346}.Debug|Any CPU.Build.0 = Debug|Any CPU
		{5D215B5A-A262-4BE4-9DC7-19F9E1B1A346}.Release|Any CPU.ActiveCfg = Release|Any CPU
		{5D215B5A-A262-4BE4-9DC7-19F9E1B1A346}.Release|Any CPU.Build.0 = Release|Any CPU
		{8F0AE6B2-B620-4B48-B72A-3D364BDE8E25}.Debug|Any CPU.ActiveCfg = Debug|Any CPU
		{8F0AE6B2-B620-4B48-B72A-3D364BDE8E25}.Debug|Any CPU.Build.0 = Debug|Any CPU
		{8F0AE6B2-B620-4B48-B72A-3D364BDE8E25}.Release|Any CPU.ActiveCfg = Release|Any CPU
		{8F0AE6B2-B620-4B48-B72A-3D364BDE8E25}.Release|Any CPU.Build.0 = Release|Any CPU
		{9F69A7FA-8DF9-4809-B562-CBE77EA0FF3F}.Debug|Any CPU.ActiveCfg = Debug|Any CPU
		{9F69A7FA-8DF9-4809-B562-CBE77EA0FF3F}.Debug|Any CPU.Build.0 = Debug|Any CPU
		{9F69A7FA-8DF9-4809-B562-CBE77EA0FF3F}.Release|Any CPU.ActiveCfg = Release|Any CPU
		{9F69A7FA-8DF9-4809-B562-CBE77EA0FF3F}.Release|Any CPU.Build.0 = Release|Any CPU
	EndGlobalSection
	GlobalSection(SolutionProperties) = preSolution
		HideSolutionNode = FALSE
	EndGlobalSection
	GlobalSection(NestedProjects) = preSolution
		{D9AA645F-74EC-4345-8FBB-3DEE9E5FE12C} = {F5162492-1401-48A6-9BB1-80A8EBA494FE}
		{B6FF6C12-D50F-43FA-9582-8C9B0F34781B} = {F5162492-1401-48A6-9BB1-80A8EBA494FE}
		{95361390-38FE-45CA-99CC-D9DCBB26C0CF} = {F5162492-1401-48A6-9BB1-80A8EBA494FE}
		{64790621-0839-482C-B43D-E072A19F0FF8} = {B6FF6C12-D50F-43FA-9582-8C9B0F34781B}
		{C26278AC-0C8F-4F99-9C0F-309B38B79770} = {64790621-0839-482C-B43D-E072A19F0FF8}
		{8FF4BD5A-4B00-4965-9681-E544C74DEE90} = {95361390-38FE-45CA-99CC-D9DCBB26C0CF}
		{183572D9-204D-431C-A3E6-AA8F35C9D3CF} = {8FF4BD5A-4B00-4965-9681-E544C74DEE90}
		{5723F5FD-6277-4239-9339-C840DD0827A3} = {D9AA645F-74EC-4345-8FBB-3DEE9E5FE12C}
		{6B84AD9B-86C1-4B15-A5D7-CCE764D161B0} = {5723F5FD-6277-4239-9339-C840DD0827A3}
		{0B199C00-46F2-4330-9E39-B92286F8016B} = {B6FF6C12-D50F-43FA-9582-8C9B0F34781B}
		{261F02C3-03E2-44B2-8548-6E028F12DDE5} = {0B199C00-46F2-4330-9E39-B92286F8016B}
		{D0153FBF-CD60-4070-9021-3BC96BE06296} = {B6FF6C12-D50F-43FA-9582-8C9B0F34781B}
		{A1542279-B24C-4788-88DA-1A6525701179} = {D0153FBF-CD60-4070-9021-3BC96BE06296}
		{1263CFA5-D622-478A-9406-0F33A6501D6E} = {B6FF6C12-D50F-43FA-9582-8C9B0F34781B}
		{BF1341E0-71F0-417D-9276-CD100A67320E} = {1263CFA5-D622-478A-9406-0F33A6501D6E}
		{798AF2E1-8568-4AA7-BEAC-8D43F6A991DF} = {B6FF6C12-D50F-43FA-9582-8C9B0F34781B}
		{879C01D7-BCBD-4C60-9FDB-E1802DB1BCD6} = {D9AA645F-74EC-4345-8FBB-3DEE9E5FE12C}
		{7F2BE878-3BDD-4809-A640-246B5F6CB438} = {879C01D7-BCBD-4C60-9FDB-E1802DB1BCD6}
		{6395AC2D-3E2E-457B-A089-70D1CB303995} = {D9AA645F-74EC-4345-8FBB-3DEE9E5FE12C}
		{168D8127-0B9B-44BD-BA5E-7E4D7479EFA4} = {6395AC2D-3E2E-457B-A089-70D1CB303995}
		{A8440468-FDF4-4DF2-B55F-606F268C9AD8} = {F5162492-1401-48A6-9BB1-80A8EBA494FE}
		{7F13834F-A9C1-46DA-8852-DF81521397E6} = {A8440468-FDF4-4DF2-B55F-606F268C9AD8}
		{C3A69F31-9051-4C2A-B0C7-AB9E1A2D9CCB} = {7F13834F-A9C1-46DA-8852-DF81521397E6}
		{397DC5E0-77B2-42B6-9374-D1B04E7157AB} = {798AF2E1-8568-4AA7-BEAC-8D43F6A991DF}
		{5D215B5A-A262-4BE4-9DC7-19F9E1B1A346} = {798AF2E1-8568-4AA7-BEAC-8D43F6A991DF}
		{8F0AE6B2-B620-4B48-B72A-3D364BDE8E25} = {798AF2E1-8568-4AA7-BEAC-8D43F6A991DF}
		{FE827E06-9B1A-44B9-9A9D-F5E6E5FE79E1} = {B6FF6C12-D50F-43FA-9582-8C9B0F34781B}
		{9F69A7FA-8DF9-4809-B562-CBE77EA0FF3F} = {FE827E06-9B1A-44B9-9A9D-F5E6E5FE79E1}
	EndGlobalSection
	GlobalSection(ExtensibilityGlobals) = postSolution
		SolutionGuid = {1310341B-D861-4A98-82B0-A0A9AD6726E6}
	EndGlobalSection
EndGlobal
